// !$*UTF8*$!
{
	archiveVersion = 1;
	classes = {
	};
	objectVersion = 56;
	objects = {

/* Begin PBXBuildFile section */
		01A417E429E7396100AD186E /* AppDelegate.swift in Sources */ = {isa = PBXBuildFile; fileRef = 01A417E329E7396100AD186E /* AppDelegate.swift */; };
		01A417E629E7396100AD186E /* SceneDelegate.swift in Sources */ = {isa = PBXBuildFile; fileRef = 01A417E529E7396100AD186E /* SceneDelegate.swift */; };
		01A417E829E7396100AD186E /* HomeVC.swift in Sources */ = {isa = PBXBuildFile; fileRef = 01A417E729E7396100AD186E /* HomeVC.swift */; };
		01A417EB29E7396100AD186E /* Main.storyboard in Resources */ = {isa = PBXBuildFile; fileRef = 01A417E929E7396100AD186E /* Main.storyboard */; };
		01A417ED29E7396300AD186E /* Assets.xcassets in Resources */ = {isa = PBXBuildFile; fileRef = 01A417EC29E7396300AD186E /* Assets.xcassets */; };
		01A417F029E7396300AD186E /* LaunchScreen.storyboard in Resources */ = {isa = PBXBuildFile; fileRef = 01A417EE29E7396300AD186E /* LaunchScreen.storyboard */; };
		01A417FB29E7396300AD186E /* RequestyTests.swift in Sources */ = {isa = PBXBuildFile; fileRef = 01A417FA29E7396300AD186E /* RequestyTests.swift */; };
		01A4180529E7396300AD186E /* RequestyUITests.swift in Sources */ = {isa = PBXBuildFile; fileRef = 01A4180429E7396300AD186E /* RequestyUITests.swift */; };
		01A4180729E7396300AD186E /* RequestyUITestsLaunchTests.swift in Sources */ = {isa = PBXBuildFile; fileRef = 01A4180629E7396300AD186E /* RequestyUITestsLaunchTests.swift */; };
/* End PBXBuildFile section */

/* Begin PBXContainerItemProxy section */
		01A417F729E7396300AD186E /* PBXContainerItemProxy */ = {
			isa = PBXContainerItemProxy;
			containerPortal = 01A417D829E7396100AD186E /* Project object */;
			proxyType = 1;
			remoteGlobalIDString = 01A417DF29E7396100AD186E;
			remoteInfo = Requesty;
		};
		01A4180129E7396300AD186E /* PBXContainerItemProxy */ = {
			isa = PBXContainerItemProxy;
			containerPortal = 01A417D829E7396100AD186E /* Project object */;
			proxyType = 1;
			remoteGlobalIDString = 01A417DF29E7396100AD186E;
			remoteInfo = Requesty;
		};
/* End PBXContainerItemProxy section */

/* Begin PBXFileReference section */
		01A417E029E7396100AD186E /* Requesty.app */ = {isa = PBXFileReference; explicitFileType = wrapper.application; includeInIndex = 0; path = Requesty.app; sourceTree = BUILT_PRODUCTS_DIR; };
		01A417E329E7396100AD186E /* AppDelegate.swift */ = {isa = PBXFileReference; lastKnownFileType = sourcecode.swift; path = AppDelegate.swift; sourceTree = "<group>"; };
		01A417E529E7396100AD186E /* SceneDelegate.swift */ = {isa = PBXFileReference; lastKnownFileType = sourcecode.swift; path = SceneDelegate.swift; sourceTree = "<group>"; };
		01A417E729E7396100AD186E /* HomeVC.swift */ = {isa = PBXFileReference; lastKnownFileType = sourcecode.swift; path = HomeVC.swift; sourceTree = "<group>"; };
		01A417EA29E7396100AD186E /* Base */ = {isa = PBXFileReference; lastKnownFileType = file.storyboard; name = Base; path = Base.lproj/Main.storyboard; sourceTree = "<group>"; };
		01A417EC29E7396300AD186E /* Assets.xcassets */ = {isa = PBXFileReference; lastKnownFileType = folder.assetcatalog; path = Assets.xcassets; sourceTree = "<group>"; };
		01A417EF29E7396300AD186E /* Base */ = {isa = PBXFileReference; lastKnownFileType = file.storyboard; name = Base; path = Base.lproj/LaunchScreen.storyboard; sourceTree = "<group>"; };
		01A417F129E7396300AD186E /* Info.plist */ = {isa = PBXFileReference; lastKnownFileType = text.plist.xml; path = Info.plist; sourceTree = "<group>"; };
		01A417F629E7396300AD186E /* RequestyTests.xctest */ = {isa = PBXFileReference; explicitFileType = wrapper.cfbundle; includeInIndex = 0; path = RequestyTests.xctest; sourceTree = BUILT_PRODUCTS_DIR; };
		01A417FA29E7396300AD186E /* RequestyTests.swift */ = {isa = PBXFileReference; lastKnownFileType = sourcecode.swift; path = RequestyTests.swift; sourceTree = "<group>"; };
		01A4180029E7396300AD186E /* RequestyUITests.xctest */ = {isa = PBXFileReference; explicitFileType = wrapper.cfbundle; includeInIndex = 0; path = RequestyUITests.xctest; sourceTree = BUILT_PRODUCTS_DIR; };
		01A4180429E7396300AD186E /* RequestyUITests.swift */ = {isa = PBXFileReference; lastKnownFileType = sourcecode.swift; path = RequestyUITests.swift; sourceTree = "<group>"; };
		01A4180629E7396300AD186E /* RequestyUITestsLaunchTests.swift */ = {isa = PBXFileReference; lastKnownFileType = sourcecode.swift; path = RequestyUITestsLaunchTests.swift; sourceTree = "<group>"; };
/* End PBXFileReference section */

/* Begin PBXFrameworksBuildPhase section */
		01A417DD29E7396100AD186E /* Frameworks */ = {
			isa = PBXFrameworksBuildPhase;
			buildActionMask = 2147483647;
			files = (
			);
			runOnlyForDeploymentPostprocessing = 0;
		};
		01A417F329E7396300AD186E /* Frameworks */ = {
			isa = PBXFrameworksBuildPhase;
			buildActionMask = 2147483647;
			files = (
			);
			runOnlyForDeploymentPostprocessing = 0;
		};
		01A417FD29E7396300AD186E /* Frameworks */ = {
			isa = PBXFrameworksBuildPhase;
			buildActionMask = 2147483647;
			files = (
			);
			runOnlyForDeploymentPostprocessing = 0;
		};
/* End PBXFrameworksBuildPhase section */

/* Begin PBXGroup section */
		01A417D729E7396100AD186E = {
			isa = PBXGroup;
			children = (
				01A417E229E7396100AD186E /* Requesty */,
				01A417F929E7396300AD186E /* RequestyTests */,
				01A4180329E7396300AD186E /* RequestyUITests */,
				01A417E129E7396100AD186E /* Products */,
			);
			sourceTree = "<group>";
		};
		01A417E129E7396100AD186E /* Products */ = {
			isa = PBXGroup;
			children = (
				01A417E029E7396100AD186E /* Requesty.app */,
				01A417F629E7396300AD186E /* RequestyTests.xctest */,
				01A4180029E7396300AD186E /* RequestyUITests.xctest */,
			);
			name = Products;
			sourceTree = "<group>";
		};
		01A417E229E7396100AD186E /* Requesty */ = {
			isa = PBXGroup;
			children = (
				01A417E329E7396100AD186E /* AppDelegate.swift */,
				01A417E529E7396100AD186E /* SceneDelegate.swift */,
				01A417E729E7396100AD186E /* HomeVC.swift */,
				01A417E929E7396100AD186E /* Main.storyboard */,
				01A417EC29E7396300AD186E /* Assets.xcassets */,
				01A417EE29E7396300AD186E /* LaunchScreen.storyboard */,
				01A417F129E7396300AD186E /* Info.plist */,
			);
			path = Requesty;
			sourceTree = "<group>";
		};
		01A417F929E7396300AD186E /* RequestyTests */ = {
			isa = PBXGroup;
			children = (
				01A417FA29E7396300AD186E /* RequestyTests.swift */,
			);
			path = RequestyTests;
			sourceTree = "<group>";
		};
		01A4180329E7396300AD186E /* RequestyUITests */ = {
			isa = PBXGroup;
			children = (
				01A4180429E7396300AD186E /* RequestyUITests.swift */,
				01A4180629E7396300AD186E /* RequestyUITestsLaunchTests.swift */,
			);
			path = RequestyUITests;
			sourceTree = "<group>";
		};
/* End PBXGroup section */

/* Begin PBXNativeTarget section */
		01A417DF29E7396100AD186E /* Requesty */ = {
			isa = PBXNativeTarget;
			buildConfigurationList = 01A4180A29E7396300AD186E /* Build configuration list for PBXNativeTarget "Requesty" */;
			buildPhases = (
				01A417DC29E7396100AD186E /* Sources */,
				01A417DD29E7396100AD186E /* Frameworks */,
				01A417DE29E7396100AD186E /* Resources */,
			);
			buildRules = (
			);
			dependencies = (
			);
			name = Requesty;
			productName = Requesty;
			productReference = 01A417E029E7396100AD186E /* Requesty.app */;
			productType = "com.apple.product-type.application";
		};
		01A417F529E7396300AD186E /* RequestyTests */ = {
			isa = PBXNativeTarget;
			buildConfigurationList = 01A4180D29E7396300AD186E /* Build configuration list for PBXNativeTarget "RequestyTests" */;
			buildPhases = (
				01A417F229E7396300AD186E /* Sources */,
				01A417F329E7396300AD186E /* Frameworks */,
				01A417F429E7396300AD186E /* Resources */,
			);
			buildRules = (
			);
			dependencies = (
				01A417F829E7396300AD186E /* PBXTargetDependency */,
			);
			name = RequestyTests;
			productName = RequestyTests;
			productReference = 01A417F629E7396300AD186E /* RequestyTests.xctest */;
			productType = "com.apple.product-type.bundle.unit-test";
		};
		01A417FF29E7396300AD186E /* RequestyUITests */ = {
			isa = PBXNativeTarget;
			buildConfigurationList = 01A4181029E7396300AD186E /* Build configuration list for PBXNativeTarget "RequestyUITests" */;
			buildPhases = (
				01A417FC29E7396300AD186E /* Sources */,
				01A417FD29E7396300AD186E /* Frameworks */,
				01A417FE29E7396300AD186E /* Resources */,
			);
			buildRules = (
			);
			dependencies = (
				01A4180229E7396300AD186E /* PBXTargetDependency */,
			);
			name = RequestyUITests;
			productName = RequestyUITests;
			productReference = 01A4180029E7396300AD186E /* RequestyUITests.xctest */;
			productType = "com.apple.product-type.bundle.ui-testing";
		};
/* End PBXNativeTarget section */

/* Begin PBXProject section */
		01A417D829E7396100AD186E /* Project object */ = {
			isa = PBXProject;
			attributes = {
				BuildIndependentTargetsInParallel = 1;
				LastSwiftUpdateCheck = 1430;
				LastUpgradeCheck = 1430;
				TargetAttributes = {
					01A417DF29E7396100AD186E = {
						CreatedOnToolsVersion = 14.3;
					};
					01A417F529E7396300AD186E = {
						CreatedOnToolsVersion = 14.3;
						TestTargetID = 01A417DF29E7396100AD186E;
					};
					01A417FF29E7396300AD186E = {
						CreatedOnToolsVersion = 14.3;
						TestTargetID = 01A417DF29E7396100AD186E;
					};
				};
			};
			buildConfigurationList = 01A417DB29E7396100AD186E /* Build configuration list for PBXProject "Requesty" */;
			compatibilityVersion = "Xcode 14.0";
			developmentRegion = en;
			hasScannedForEncodings = 0;
			knownRegions = (
				en,
				Base,
			);
			mainGroup = 01A417D729E7396100AD186E;
			productRefGroup = 01A417E129E7396100AD186E /* Products */;
			projectDirPath = "";
			projectRoot = "";
			targets = (
				01A417DF29E7396100AD186E /* Requesty */,
				01A417F529E7396300AD186E /* RequestyTests */,
				01A417FF29E7396300AD186E /* RequestyUITests */,
			);
		};
/* End PBXProject section */

/* Begin PBXResourcesBuildPhase section */
		01A417DE29E7396100AD186E /* Resources */ = {
			isa = PBXResourcesBuildPhase;
			buildActionMask = 2147483647;
			files = (
				01A417F029E7396300AD186E /* LaunchScreen.storyboard in Resources */,
				01A417ED29E7396300AD186E /* Assets.xcassets in Resources */,
				01A417EB29E7396100AD186E /* Main.storyboard in Resources */,
			);
			runOnlyForDeploymentPostprocessing = 0;
		};
		01A417F429E7396300AD186E /* Resources */ = {
			isa = PBXResourcesBuildPhase;
			buildActionMask = 2147483647;
			files = (
			);
			runOnlyForDeploymentPostprocessing = 0;
		};
		01A417FE29E7396300AD186E /* Resources */ = {
			isa = PBXResourcesBuildPhase;
			buildActionMask = 2147483647;
			files = (
			);
			runOnlyForDeploymentPostprocessing = 0;
		};
/* End PBXResourcesBuildPhase section */

/* Begin PBXSourcesBuildPhase section */
		01A417DC29E7396100AD186E /* Sources */ = {
			isa = PBXSourcesBuildPhase;
			buildActionMask = 2147483647;
			files = (
				01A417E829E7396100AD186E /* HomeVC.swift in Sources */,
				01A417E429E7396100AD186E /* AppDelegate.swift in Sources */,
				01A417E629E7396100AD186E /* SceneDelegate.swift in Sources */,
			);
			runOnlyForDeploymentPostprocessing = 0;
		};
		01A417F229E7396300AD186E /* Sources */ = {
			isa = PBXSourcesBuildPhase;
			buildActionMask = 2147483647;
			files = (
				01A417FB29E7396300AD186E /* RequestyTests.swift in Sources */,
			);
			runOnlyForDeploymentPostprocessing = 0;
		};
		01A417FC29E7396300AD186E /* Sources */ = {
			isa = PBXSourcesBuildPhase;
			buildActionMask = 2147483647;
			files = (
				01A4180729E7396300AD186E /* RequestyUITestsLaunchTests.swift in Sources */,
				01A4180529E7396300AD186E /* RequestyUITests.swift in Sources */,
			);
			runOnlyForDeploymentPostprocessing = 0;
		};
/* End PBXSourcesBuildPhase section */

/* Begin PBXTargetDependency section */
		01A417F829E7396300AD186E /* PBXTargetDependency */ = {
			isa = PBXTargetDependency;
			target = 01A417DF29E7396100AD186E /* Requesty */;
			targetProxy = 01A417F729E7396300AD186E /* PBXContainerItemProxy */;
		};
		01A4180229E7396300AD186E /* PBXTargetDependency */ = {
			isa = PBXTargetDependency;
			target = 01A417DF29E7396100AD186E /* Requesty */;
			targetProxy = 01A4180129E7396300AD186E /* PBXContainerItemProxy */;
		};
/* End PBXTargetDependency section */

/* Begin PBXVariantGroup section */
		01A417E929E7396100AD186E /* Main.storyboard */ = {
			isa = PBXVariantGroup;
			children = (
				01A417EA29E7396100AD186E /* Base */,
			);
			name = Main.storyboard;
			sourceTree = "<group>";
		};
		01A417EE29E7396300AD186E /* LaunchScreen.storyboard */ = {
			isa = PBXVariantGroup;
			children = (
				01A417EF29E7396300AD186E /* Base */,
			);
			name = LaunchScreen.storyboard;
			sourceTree = "<group>";
		};
/* End PBXVariantGroup section */

/* Begin XCBuildConfiguration section */
		01A4180829E7396300AD186E /* Debug */ = {
			isa = XCBuildConfiguration;
			buildSettings = {
				ALWAYS_SEARCH_USER_PATHS = NO;
				CLANG_ANALYZER_NONNULL = YES;
				CLANG_ANALYZER_NUMBER_OBJECT_CONVERSION = YES_AGGRESSIVE;
				CLANG_CXX_LANGUAGE_STANDARD = "gnu++20";
				CLANG_ENABLE_MODULES = YES;
				CLANG_ENABLE_OBJC_ARC = YES;
				CLANG_ENABLE_OBJC_WEAK = YES;
				CLANG_WARN_BLOCK_CAPTURE_AUTORELEASING = YES;
				CLANG_WARN_BOOL_CONVERSION = YES;
				CLANG_WARN_COMMA = YES;
				CLANG_WARN_CONSTANT_CONVERSION = YES;
				CLANG_WARN_DEPRECATED_OBJC_IMPLEMENTATIONS = YES;
				CLANG_WARN_DIRECT_OBJC_ISA_USAGE = YES_ERROR;
				CLANG_WARN_DOCUMENTATION_COMMENTS = YES;
				CLANG_WARN_EMPTY_BODY = YES;
				CLANG_WARN_ENUM_CONVERSION = YES;
				CLANG_WARN_INFINITE_RECURSION = YES;
				CLANG_WARN_INT_CONVERSION = YES;
				CLANG_WARN_NON_LITERAL_NULL_CONVERSION = YES;
				CLANG_WARN_OBJC_IMPLICIT_RETAIN_SELF = YES;
				CLANG_WARN_OBJC_LITERAL_CONVERSION = YES;
				CLANG_WARN_OBJC_ROOT_CLASS = YES_ERROR;
				CLANG_WARN_QUOTED_INCLUDE_IN_FRAMEWORK_HEADER = YES;
				CLANG_WARN_RANGE_LOOP_ANALYSIS = YES;
				CLANG_WARN_STRICT_PROTOTYPES = YES;
				CLANG_WARN_SUSPICIOUS_MOVE = YES;
				CLANG_WARN_UNGUARDED_AVAILABILITY = YES_AGGRESSIVE;
				CLANG_WARN_UNREACHABLE_CODE = YES;
				CLANG_WARN__DUPLICATE_METHOD_MATCH = YES;
				COPY_PHASE_STRIP = NO;
				DEBUG_INFORMATION_FORMAT = dwarf;
				ENABLE_STRICT_OBJC_MSGSEND = YES;
				ENABLE_TESTABILITY = YES;
				GCC_C_LANGUAGE_STANDARD = gnu11;
				GCC_DYNAMIC_NO_PIC = NO;
				GCC_NO_COMMON_BLOCKS = YES;
				GCC_OPTIMIZATION_LEVEL = 0;
				GCC_PREPROCESSOR_DEFINITIONS = (
					"DEBUG=1",
					"$(inherited)",
				);
				GCC_WARN_64_TO_32_BIT_CONVERSION = YES;
				GCC_WARN_ABOUT_RETURN_TYPE = YES_ERROR;
				GCC_WARN_UNDECLARED_SELECTOR = YES;
				GCC_WARN_UNINITIALIZED_AUTOS = YES_AGGRESSIVE;
				GCC_WARN_UNUSED_FUNCTION = YES;
				GCC_WARN_UNUSED_VARIABLE = YES;
				IPHONEOS_DEPLOYMENT_TARGET = 16.4;
				MTL_ENABLE_DEBUG_INFO = INCLUDE_SOURCE;
				MTL_FAST_MATH = YES;
				ONLY_ACTIVE_ARCH = YES;
				SDKROOT = iphoneos;
				SWIFT_ACTIVE_COMPILATION_CONDITIONS = DEBUG;
				SWIFT_OPTIMIZATION_LEVEL = "-Onone";
			};
			name = Debug;
		};
		01A4180929E7396300AD186E /* Release */ = {
			isa = XCBuildConfiguration;
			buildSettings = {
				ALWAYS_SEARCH_USER_PATHS = NO;
				CLANG_ANALYZER_NONNULL = YES;
				CLANG_ANALYZER_NUMBER_OBJECT_CONVERSION = YES_AGGRESSIVE;
				CLANG_CXX_LANGUAGE_STANDARD = "gnu++20";
				CLANG_ENABLE_MODULES = YES;
				CLANG_ENABLE_OBJC_ARC = YES;
				CLANG_ENABLE_OBJC_WEAK = YES;
				CLANG_WARN_BLOCK_CAPTURE_AUTORELEASING = YES;
				CLANG_WARN_BOOL_CONVERSION = YES;
				CLANG_WARN_COMMA = YES;
				CLANG_WARN_CONSTANT_CONVERSION = YES;
				CLANG_WARN_DEPRECATED_OBJC_IMPLEMENTATIONS = YES;
				CLANG_WARN_DIRECT_OBJC_ISA_USAGE = YES_ERROR;
				CLANG_WARN_DOCUMENTATION_COMMENTS = YES;
				CLANG_WARN_EMPTY_BODY = YES;
				CLANG_WARN_ENUM_CONVERSION = YES;
				CLANG_WARN_INFINITE_RECURSION = YES;
				CLANG_WARN_INT_CONVERSION = YES;
				CLANG_WARN_NON_LITERAL_NULL_CONVERSION = YES;
				CLANG_WARN_OBJC_IMPLICIT_RETAIN_SELF = YES;
				CLANG_WARN_OBJC_LITERAL_CONVERSION = YES;
				CLANG_WARN_OBJC_ROOT_CLASS = YES_ERROR;
				CLANG_WARN_QUOTED_INCLUDE_IN_FRAMEWORK_HEADER = YES;
				CLANG_WARN_RANGE_LOOP_ANALYSIS = YES;
				CLANG_WARN_STRICT_PROTOTYPES = YES;
				CLANG_WARN_SUSPICIOUS_MOVE = YES;
				CLANG_WARN_UNGUARDED_AVAILABILITY = YES_AGGRESSIVE;
				CLANG_WARN_UNREACHABLE_CODE = YES;
				CLANG_WARN__DUPLICATE_METHOD_MATCH = YES;
				COPY_PHASE_STRIP = NO;
				DEBUG_INFORMATION_FORMAT = "dwarf-with-dsym";
				ENABLE_NS_ASSERTIONS = NO;
				ENABLE_STRICT_OBJC_MSGSEND = YES;
				GCC_C_LANGUAGE_STANDARD = gnu11;
				GCC_NO_COMMON_BLOCKS = YES;
				GCC_WARN_64_TO_32_BIT_CONVERSION = YES;
				GCC_WARN_ABOUT_RETURN_TYPE = YES_ERROR;
				GCC_WARN_UNDECLARED_SELECTOR = YES;
				GCC_WARN_UNINITIALIZED_AUTOS = YES_AGGRESSIVE;
				GCC_WARN_UNUSED_FUNCTION = YES;
				GCC_WARN_UNUSED_VARIABLE = YES;
				IPHONEOS_DEPLOYMENT_TARGET = 16.4;
				MTL_ENABLE_DEBUG_INFO = NO;
				MTL_FAST_MATH = YES;
				SDKROOT = iphoneos;
				SWIFT_COMPILATION_MODE = wholemodule;
				SWIFT_OPTIMIZATION_LEVEL = "-O";
				VALIDATE_PRODUCT = YES;
			};
			name = Release;
		};
		01A4180B29E7396300AD186E /* Debug */ = {
			isa = XCBuildConfiguration;
			buildSettings = {
				ASSETCATALOG_COMPILER_APPICON_NAME = AppIcon;
				ASSETCATALOG_COMPILER_GLOBAL_ACCENT_COLOR_NAME = AccentColor;
				CODE_SIGN_STYLE = Automatic;
				CURRENT_PROJECT_VERSION = 1;
				DEVELOPMENT_TEAM = GL5QL25H5M;
				GENERATE_INFOPLIST_FILE = YES;
				INFOPLIST_FILE = Requesty/Info.plist;
				INFOPLIST_KEY_UIApplicationSupportsIndirectInputEvents = YES;
				INFOPLIST_KEY_UILaunchStoryboardName = LaunchScreen;
				INFOPLIST_KEY_UIMainStoryboardFile = Main;
				INFOPLIST_KEY_UISupportedInterfaceOrientations_iPad = "UIInterfaceOrientationPortrait UIInterfaceOrientationPortraitUpsideDown UIInterfaceOrientationLandscapeLeft UIInterfaceOrientationLandscapeRight";
				INFOPLIST_KEY_UISupportedInterfaceOrientations_iPhone = "UIInterfaceOrientationPortrait UIInterfaceOrientationLandscapeLeft UIInterfaceOrientationLandscapeRight";
				LD_RUNPATH_SEARCH_PATHS = (
					"$(inherited)",
					"@executable_path/Frameworks",
				);
				MARKETING_VERSION = 1.0;
				PRODUCT_BUNDLE_IDENTIFIER = com.bignerdranch.Requesty;
				PRODUCT_NAME = "$(TARGET_NAME)";
				SWIFT_EMIT_LOC_STRINGS = YES;
				SWIFT_VERSION = 5.0;
				TARGETED_DEVICE_FAMILY = "1,2";
			};
			name = Debug;
		};
		01A4180C29E7396300AD186E /* Release */ = {
			isa = XCBuildConfiguration;
			buildSettings = {
				ASSETCATALOG_COMPILER_APPICON_NAME = AppIcon;
				ASSETCATALOG_COMPILER_GLOBAL_ACCENT_COLOR_NAME = AccentColor;
				CODE_SIGN_STYLE = Automatic;
				CURRENT_PROJECT_VERSION = 1;
				DEVELOPMENT_TEAM = GL5QL25H5M;
				GENERATE_INFOPLIST_FILE = YES;
				INFOPLIST_FILE = Requesty/Info.plist;
				INFOPLIST_KEY_UIApplicationSupportsIndirectInputEvents = YES;
				INFOPLIST_KEY_UILaunchStoryboardName = LaunchScreen;
				INFOPLIST_KEY_UIMainStoryboardFile = Main;
				INFOPLIST_KEY_UISupportedInterfaceOrientations_iPad = "UIInterfaceOrientationPortrait UIInterfaceOrientationPortraitUpsideDown UIInterfaceOrientationLandscapeLeft UIInterfaceOrientationLandscapeRight";
				INFOPLIST_KEY_UISupportedInterfaceOrientations_iPhone = "UIInterfaceOrientationPortrait UIInterfaceOrientationLandscapeLeft UIInterfaceOrientationLandscapeRight";
				LD_RUNPATH_SEARCH_PATHS = (
					"$(inherited)",
					"@executable_path/Frameworks",
				);
				MARKETING_VERSION = 1.0;
				PRODUCT_BUNDLE_IDENTIFIER = com.bignerdranch.Requesty;
				PRODUCT_NAME = "$(TARGET_NAME)";
				SWIFT_EMIT_LOC_STRINGS = YES;
				SWIFT_VERSION = 5.0;
				TARGETED_DEVICE_FAMILY = "1,2";
			};
			name = Release;
		};
		01A4180E29E7396300AD186E /* Debug */ = {
			isa = XCBuildConfiguration;
			buildSettings = {
				ALWAYS_EMBED_SWIFT_STANDARD_LIBRARIES = YES;
				BUNDLE_LOADER = "$(TEST_HOST)";
				CODE_SIGN_STYLE = Automatic;
				CURRENT_PROJECT_VERSION = 1;
				DEVELOPMENT_TEAM = GL5QL25H5M;
				GENERATE_INFOPLIST_FILE = YES;
				IPHONEOS_DEPLOYMENT_TARGET = 16.4;
				MARKETING_VERSION = 1.0;
				PRODUCT_BUNDLE_IDENTIFIER = com.bignerdranch.RequestyTests;
				PRODUCT_NAME = "$(TARGET_NAME)";
				SWIFT_EMIT_LOC_STRINGS = NO;
				SWIFT_VERSION = 5.0;
				TARGETED_DEVICE_FAMILY = "1,2";
				TEST_HOST = "$(BUILT_PRODUCTS_DIR)/Requesty.app/$(BUNDLE_EXECUTABLE_FOLDER_PATH)/Requesty";
			};
			name = Debug;
		};
		01A4180F29E7396300AD186E /* Release */ = {
			isa = XCBuildConfiguration;
			buildSettings = {
				ALWAYS_EMBED_SWIFT_STANDARD_LIBRARIES = YES;
				BUNDLE_LOADER = "$(TEST_HOST)";
				CODE_SIGN_STYLE = Automatic;
				CURRENT_PROJECT_VERSION = 1;
				DEVELOPMENT_TEAM = GL5QL25H5M;
				GENERATE_INFOPLIST_FILE = YES;
				IPHONEOS_DEPLOYMENT_TARGET = 16.4;
				MARKETING_VERSION = 1.0;
				PRODUCT_BUNDLE_IDENTIFIER = com.bignerdranch.RequestyTests;
				PRODUCT_NAME = "$(TARGET_NAME)";
				SWIFT_EMIT_LOC_STRINGS = NO;
				SWIFT_VERSION = 5.0;
				TARGETED_DEVICE_FAMILY = "1,2";
				TEST_HOST = "$(BUILT_PRODUCTS_DIR)/Requesty.app/$(BUNDLE_EXECUTABLE_FOLDER_PATH)/Requesty";
			};
			name = Release;
		};
		01A4181129E7396300AD186E /* Debug */ = {
			isa = XCBuildConfiguration;
			buildSettings = {
				ALWAYS_EMBED_SWIFT_STANDARD_LIBRARIES = YES;
				CODE_SIGN_STYLE = Automatic;
				CURRENT_PROJECT_VERSION = 1;
				DEVELOPMENT_TEAM = GL5QL25H5M;
				GENERATE_INFOPLIST_FILE = YES;
				MARKETING_VERSION = 1.0;
				PRODUCT_BUNDLE_IDENTIFIER = com.bignerdranch.RequestyUITests;
				PRODUCT_NAME = "$(TARGET_NAME)";
				SWIFT_EMIT_LOC_STRINGS = NO;
				SWIFT_VERSION = 5.0;
				TARGETED_DEVICE_FAMILY = "1,2";
				TEST_TARGET_NAME = Requesty;
			};
			name = Debug;
		};
		01A4181229E7396300AD186E /* Release */ = {
			isa = XCBuildConfiguration;
			buildSettings = {
				ALWAYS_EMBED_SWIFT_STANDARD_LIBRARIES = YES;
				CODE_SIGN_STYLE = Automatic;
				CURRENT_PROJECT_VERSION = 1;
				DEVELOPMENT_TEAM = GL5QL25H5M;
				GENERATE_INFOPLIST_FILE = YES;
				MARKETING_VERSION = 1.0;
				PRODUCT_BUNDLE_IDENTIFIER = com.bignerdranch.RequestyUITests;
				PRODUCT_NAME = "$(TARGET_NAME)";
				SWIFT_EMIT_LOC_STRINGS = NO;
				SWIFT_VERSION = 5.0;
				TARGETED_DEVICE_FAMILY = "1,2";
				TEST_TARGET_NAME = Requesty;
			};
			name = Release;
		};
/* End XCBuildConfiguration section */

/* Begin XCConfigurationList section */
		01A417DB29E7396100AD186E /* Build configuration list for PBXProject "Requesty" */ = {
			isa = XCConfigurationList;
			buildConfigurations = (
				01A4180829E7396300AD186E /* Debug */,
				01A4180929E7396300AD186E /* Release */,
			);
			defaultConfigurationIsVisible = 0;
			defaultConfigurationName = Release;
		};
		01A4180A29E7396300AD186E /* Build configuration list for PBXNativeTarget "Requesty" */ = {
			isa = XCConfigurationList;
			buildConfigurations = (
				01A4180B29E7396300AD186E /* Debug */,
				01A4180C29E7396300AD186E /* Release */,
			);
			defaultConfigurationIsVisible = 0;
			defaultConfigurationName = Release;
		};
		01A4180D29E7396300AD186E /* Build configuration list for PBXNativeTarget "RequestyTests" */ = {
			isa = XCConfigurationList;
			buildConfigurations = (
				01A4180E29E7396300AD186E /* Debug */,
				01A4180F29E7396300AD186E /* Release */,
			);
			defaultConfigurationIsVisible = 0;
			defaultConfigurationName = Release;
		};
		01A4181029E7396300AD186E /* Build configuration list for PBXNativeTarget "RequestyUITests" */ = {
			isa = XCConfigurationList;
			buildConfigurations = (
				01A4181129E7396300AD186E /* Debug */,
				01A4181229E7396300AD186E /* Release */,
			);
			defaultConfigurationIsVisible = 0;
			defaultConfigurationName = Release;
		};
/* End XCConfigurationList section */
	};
	rootObject = 01A417D829E7396100AD186E /* Project object */;
}
